download-sefaria-dump:
  cmd: python -m spacy run download-sefaria-dump
  script:
    - sh ../util/restore_db.sh
  deps:
    - path: ../util/restore_db.sh
      md5: 5cafcd94fb535ddb8a8c93def7173a16
  outs: []
  spacy_version: 3.4.1
  spacy_git_version: Unknown
export-library:
  cmd: python -m spacy run export-library
  script:
    - python ../util/library_exporter.py en -f both -w ../web_scraper/output -o corpus/all_text_en
      -s
  deps:
    - path: ../util/restore_db.sh
      md5: 5cafcd94fb535ddb8a8c93def7173a16
  outs:
    - path: corpus/all_text_en.txt
      md5: 0d87b5dcff3a0b968687f068d144de56
    - path: corpus/all_text_en.jsonl
      md5: 560e772293c1318c335660e3e4877fbf
  spacy_version: 3.4.1
  spacy_git_version: Unknown
train-floret:
  cmd: python -m spacy run train-floret
  script:
    - python scripts/train_floret.py --model cbow --dim 300 --mincount 10 --minn 3
      --maxn 6 --neg 10 --mode floret --hashcount 2 --bucket 20000 --thread 8 --epoch
      10 corpus/all_text_he.txt vectors/all_text_he
  deps:
    - path: scripts/train_floret.py
      md5: 24ec6c00e168a5981011fe4197d5363a
    - path: corpus/all_text_he.txt
      md5: b7d8247426edd71f3997b13aa1e2c6ce
  outs:
    - path: vectors/all_text_he.floret
      md5: cd6203ee6ce18b3128f34914c8326bdc
    - path: vectors/all_text_he.vec
      md5: d76bf8f8f46214262ee0723ea83b14b3
    - path: vectors/all_text_he.bin
      md5: 1cc8b117091f5c789c4e18499b190005
  spacy_version: 3.2.0
  spacy_git_version: 0fc3dee77
init-floret-vectors:
  cmd: python -m spacy run init-floret-vectors
  script:
    - python -m spacy init vectors he vectors/all_text_he.floret vectors/all_text_he_floret_model
      --mode floret
  deps:
    - path: vectors/all_text_he.floret
      md5: cd6203ee6ce18b3128f34914c8326bdc
  outs:
    - path: vectors/all_text_he_floret_model
      md5: 5df72df9cb56bde99737791079b07b0a
  spacy_version: 3.2.0
  spacy_git_version: 0fc3dee77
train-fasttext:
  cmd: python -m spacy run train-fasttext
  script:
    - python ../util/embedding_scripts.py fasttext -d 50 -i corpus/all_text_he.txt
      -o vectors/all_text_he.fasttext_50
  deps:
    - path: ../util/embedding_scripts.py
      md5: 0007fcf8a7b47c647008565432a489c0
    - path: corpus/all_text_he.txt
      md5: 75beb3bbc63bcb020666c28694543526
  outs:
    - path: vectors/all_text_he.fasttext_50.bin
      md5: d4aa673e7fcd14e8a5b4edd1f2d6deb0
    - path: vectors/all_text_he.fasttext_50.vec
      md5: dfc1f9d61d3a20fdd9583b4c167ac0de
  spacy_version: 3.4.1
  spacy_git_version: Unknown
init-fasttext-vectors:
  cmd: python -m spacy run init-fasttext-vectors
  script:
    - python -m spacy init vectors he vectors/all_text_he.fasttext_50.vec vectors/all_text_he_fasttext_model_50
  deps:
    - path: vectors/all_text_he.fasttext_50.vec
      md5: dfc1f9d61d3a20fdd9583b4c167ac0de
  outs:
    - path: vectors/all_text_he_fasttext_model_50
      md5: fd0e24dd04c1587a2fcdd5f54b4ed8aa
  spacy_version: 3.4.1
  spacy_git_version: Unknown
pretrain:
  cmd: python -m spacy run pretrain
  script:
    - python -m spacy pretrain configs/ref-v3.2.cfg models/pretrain_ref_he_50 --paths.vectors
      vectors/all_text_he_fasttext_model_50 --paths.raw_text corpus/all_text_he.jsonl
      --nlp.lang he --pretraining.objective.hidden_size 50 --code ../util/spacy_registry.py
      --gpu-id 0
  deps:
    - path: configs/ref-v3.2.cfg
      md5: 99397b7951bf5899d0727e7ceb8b0d22
    - path: vectors/all_text_he_fasttext_model_50
      md5: fd0e24dd04c1587a2fcdd5f54b4ed8aa
  outs:
    - path: models/pretrain_ref_he_50
      md5: 3fb6a72afdc574c03b0d2b760b7133ba
  spacy_version: 3.4.1
  spacy_git_version: Unknown
train-ref-model:
  cmd: python -m spacy run train-ref-model
  script:
    - python ../util/merge_collections.py -o merged_output -c webpages_output achronim_output
      gilyon_output:100
    - python -m spacy train configs/ref-v3.2.cfg --output models/ner_he --paths.vectors
      vectors/all_text_he_fasttext_model_50 --paths.input_collection merged_output
      --nlp.lang he --paths.init_tok2vec models/pretrain_ref_he_50/model8.bin --pretraining.objective.hidden_size
      50 --code ../util/spacy_registry.py --gpu-id 0
  deps:
    - path: configs/ref-v3.2.cfg
      md5: f62d689b0d64178a964cb7ea0a7ce70f
    - path: models/pretrain_ref_he_50
      md5: 4d475afed63b1542674dc234fe282890
  outs:
    - path: models/ner_he
      md5: 8d1e861f2ea797d6bafd3ce0f36d7d27
  spacy_version: 3.4.1
  spacy_git_version: Unknown
upload-models:
  cmd: python -m spacy run upload-models
  script:
    - tar cf models/ner_he.tar models/ner_he/model-best
    - kubectl exec -it annotator-bodum-0 -- apt-get install -y rsync
    - krsync.sh -av --progress --stats models/ner_he.tar annotator-bodum-0:/prodigy-disk/ner_he.tar
    - kubectl exec -it annotator-bodum-0 -- tar xf /prodigy-disk/ner_he.tar
    - kubectl exec -it annotator-bodum-0 -- rm -rf /prodigy-disk/ner_he
    - kubectl exec -it annotator-bodum-0 -- mv models/ner_he/model-best /prodigy-disk/ner_he
    - kubectl exec -it annotator-bodum-0 -- rm -rf models /prodigy-disk/ner_he.tar
    - rm -rf models/ner_he.tar
  deps: []
  outs: []
  spacy_version: 3.2.3
  spacy_git_version: 99425de36
train-subref-model:
  cmd: python -m spacy run train-subref-model
  script:
    - python ../util/merge_collections.py -o merged_subref_output -c webpages_sub_citation_output
      gilyon_sub_citation_output
    - python -m spacy train configs/subref-v3.2.cfg --output models/ner_subref_he
      --paths.vectors vectors/all_text_he_fasttext_model_50 --paths.input_collection
      merged_subref_output --nlp.lang he --paths.init_tok2vec models/pretrain_ref_he_50/model8.bin
      --pretraining.objective.hidden_size 50 --code ../util/spacy_registry.py --gpu-id
      0
  deps:
    - path: configs/subref-v3.2.cfg
      md5: 7a8f45800ee3c5d3878124a91479a0a5
    - path: models/pretrain_ref_he_50
      md5: 4d475afed63b1542674dc234fe282890
  outs:
    - path: models/ner_subref_he
      md5: 970acf4333365b2b9f4a8475d9900105
  spacy_version: 3.4.1
  spacy_git_version: Unknown
train-blank-pretrained-model:
  cmd: python -m spacy run train-blank-pretrained-model
  script:
    - python ../util/merge_collections.py -o merged_output -c achronim_output:2
    - python -m spacy train configs/ref-v3.2.cfg --output models/pretrain_usable --paths.vectors
      vectors/all_text_he_fasttext_model --paths.input_collection merged_output --nlp.lang
      he --paths.init_tok2vec models/pretrain_ref_he/model8.bin --training.max_steps
      1 --code ../util/spacy_registry.py --gpu-id 0
  deps:
    - path: configs/ref-v3.2.cfg
      md5: 877138d37cd69e047c0cd5c5cc09bd8c
    - path: models/pretrain_ref_he
      md5: f141fc80ccfe57855dabf3eadcd6eb99
  outs:
    - path: models/pretrain_usable
      md5: 1c72c5ac3459f07fecebb1f6e318d28d
  spacy_version: 3.2.3
  spacy_git_version: 99425de36
echo:
  cmd: python -m spacy run echo
  script:
    - echo BLAHconfigs/ref-v3.2.cfg
  deps: []
  outs: []
  spacy_version: 3.4.1
  spacy_git_version: 5c2a00cef
export-training-data:
  cmd: python -m spacy run export-training-data
  script:
    - python ../util/merge_collections.py -o merged_output -c webpages_sub_citation_output
      gilyon_sub_citation_output
    - python ../util/output_collection_to_docbin.py he merged_output corpus/ref_subref_he
      0 0.8 61
  deps: []
  outs: []
  spacy_version: 3.4.1
  spacy_git_version: Unknown
train-ner:
  cmd: python -m spacy run train-ner
  script:
    - python ../util/merge_collections.py -o merged_output -c webpages_output achronim_output
      gilyon_output:100
    - python -m spacy train configs/ref-v3.2.cfg --output models/ref_he --paths.vectors
      vectors/all_text_he_fasttext_model_50 --paths.train corpus/ref_he_train.spacy
      --paths.dev corpus/ref_he_test.spacy --nlp.lang he --paths.init_tok2vec models/pretrain_ref_he_50/model8.bin
      --pretraining.objective.hidden_size 50 --code ../util/spacy_registry.py --gpu-id
      0
  deps:
    - path: configs/ref-v3.2.cfg
      md5: 99397b7951bf5899d0727e7ceb8b0d22
    - path: models/pretrain_ref_he_50
      md5: 3fb6a72afdc574c03b0d2b760b7133ba
  outs:
    - path: models/ref_he
      md5: d009cf2fec81a290ce8cc67464968abb
  spacy_version: 3.4.1
  spacy_git_version: Unknown
